
Microsoft Visual Studio Solution File, Format Version 12.00
# Visual Studio Version 17
VisualStudioVersion = 17.11.35208.52
MinimumVisualStudioVersion = 10.0.40219.1
Project("{FAE04EC0-301F-11D3-BF4B-00C04F79EFBC}") = "shred_usage_writer", "shred_usage_writer.csproj", "{D2F3036F-B4BF-4CA9-8933-851B2CB2B461}"
EndProject
Global
	GlobalSection(SolutionConfigurationPlatforms) = preSolution
		Debug|Any CPU = Debug|Any CPU
		Release|Any CPU = Release|Any CPU
	EndGlobalSection
	GlobalSection(ProjectConfigurationPlatforms) = postSolution
		{D2F3036F-B4BF-4CA9-8933-851B2CB2B461}.Debug|Any CPU.ActiveCfg = Debug|Any CPU
		{D2F3036F-B4BF-4CA9-8933-851B2CB2B461}.Debug|Any CPU.Build.0 = Debug|Any CPU
		{D2F3036F-B4BF-4CA9-8933-851B2CB2B461}.Release|Any CPU.ActiveCfg = Release|Any CPU
		{D2F3036F-B4BF-4CA9-8933-851B2CB2B461}.Release|Any CPU.Build.0 = Release|Any CPU
	EndGlobalSection
	GlobalSection(SolutionProperties) = preSolution
		HideSolutionNode = FALSE
	EndGlobalSection
	GlobalSection(ExtensibilityGlobals) = postSolution
		SolutionGuid = {7C73F910-FEAF-4DAD-8747-B3884079D60B}
	EndGlobalSection
EndGlobal
